
Microsoft Visual Studio Solution File, Format Version 12.00
# Visual Studio Version 17
VisualStudioVersion = 17.4.33205.214
MinimumVisualStudioVersion = 10.0.40219.1
Project("{FAE04EC0-301F-11D3-BF4B-00C04F79EFBC}") = "PasswordBox_WPF-Edu", "PasswordBox_WPF-Edu\PasswordBox_WPF-Edu.csproj", "{CED51FC8-B351-4EAA-BB8D-356B096C5C30}"
EndProject
Global
	GlobalSection(SolutionConfigurationPlatforms) = preSolution
		Debug|Any CPU = Debug|Any CPU
		Release|Any CPU = Release|Any CPU
	EndGlobalSection
	GlobalSection(ProjectConfigurationPlatforms) = postSolution
		{CED51FC8-B351-4EAA-BB8D-356B096C5C30}.Debug|Any CPU.ActiveCfg = Debug|Any CPU
		{CED51FC8-B351-4EAA-BB8D-356B096C5C30}.Debug|Any CPU.Build.0 = Debug|Any CPU
		{CED51FC8-B351-4EAA-BB8D-356B096C5C30}.Release|Any CPU.ActiveCfg = Release|Any CPU
		{CED51FC8-B351-4EAA-BB8D-356B096C5C30}.Release|Any CPU.Build.0 = Release|Any CPU
	EndGlobalSection
	GlobalSection(SolutionProperties) = preSolution
		HideSolutionNode = FALSE
	EndGlobalSection
	GlobalSection(ExtensibilityGlobals) = postSolution
		SolutionGuid = {1A35E324-DC84-4B07-BB6F-B8B41529D83E}
	EndGlobalSection
EndGlobal
